
Microsoft Visual Studio Solution File, Format Version 12.00
# Visual Studio Version 16
VisualStudioVersion = 16.0.30204.135
MinimumVisualStudioVersion = 10.0.40219.1
Project("{FAE04EC0-301F-11D3-BF4B-00C04F79EFBC}") = "FleaFlickerAPI", "FleaFlickerAPI\FleaFlickerAPI.csproj", "{CF7DDAB3-2A8F-408C-8F35-FCB7EA45A434}"
EndProject
Global
	GlobalSection(SolutionConfigurationPlatforms) = preSolution
		Debug|Any CPU = Debug|Any CPU
		Release|Any CPU = Release|Any CPU
	EndGlobalSection
	GlobalSection(ProjectConfigurationPlatforms) = postSolution
		{CF7DDAB3-2A8F-408C-8F35-FCB7EA45A434}.Debug|Any CPU.ActiveCfg = Debug|Any CPU
		{CF7DDAB3-2A8F-408C-8F35-FCB7EA45A434}.Debug|Any CPU.Build.0 = Debug|Any CPU
		{CF7DDAB3-2A8F-408C-8F35-FCB7EA45A434}.Release|Any CPU.ActiveCfg = Release|Any CPU
		{CF7DDAB3-2A8F-408C-8F35-FCB7EA45A434}.Release|Any CPU.Build.0 = Release|Any CPU
	EndGlobalSection
	GlobalSection(SolutionProperties) = preSolution
		HideSolutionNode = FALSE
	EndGlobalSection
	GlobalSection(ExtensibilityGlobals) = postSolution
		SolutionGuid = {F27FF13D-8242-4AA1-9D37-C29793354C1A}
	EndGlobalSection
EndGlobal
